
Microsoft Visual Studio Solution File, Format Version 12.00
# Visual Studio Version 17
VisualStudioVersion = 17.4.33103.184
MinimumVisualStudioVersion = 10.0.40219.1
Project("{FAE04EC0-301F-11D3-BF4B-00C04F79EFBC}") = "HW_4_17", "HW_4_17\HW_4_17.csproj", "{ADEDE6BA-A929-4E1E-A56A-AFE864380426}"
EndProject
Project("{FAE04EC0-301F-11D3-BF4B-00C04F79EFBC}") = "PasswordLink.Data", "PasswordLink.Data\PasswordLink.Data.csproj", "{5A23CFB0-A113-41EC-8AF7-C14EB293723E}"
EndProject
Global
	GlobalSection(SolutionConfigurationPlatforms) = preSolution
		Debug|Any CPU = Debug|Any CPU
		Release|Any CPU = Release|Any CPU
	EndGlobalSection
	GlobalSection(ProjectConfigurationPlatforms) = postSolution
		{ADEDE6BA-A929-4E1E-A56A-AFE864380426}.Debug|Any CPU.ActiveCfg = Debug|Any CPU
		{ADEDE6BA-A929-4E1E-A56A-AFE864380426}.Debug|Any CPU.Build.0 = Debug|Any CPU
		{ADEDE6BA-A929-4E1E-A56A-AFE864380426}.Release|Any CPU.ActiveCfg = Release|Any CPU
		{ADEDE6BA-A929-4E1E-A56A-AFE864380426}.Release|Any CPU.Build.0 = Release|Any CPU
		{5A23CFB0-A113-41EC-8AF7-C14EB293723E}.Debug|Any CPU.ActiveCfg = Debug|Any CPU
		{5A23CFB0-A113-41EC-8AF7-C14EB293723E}.Debug|Any CPU.Build.0 = Debug|Any CPU
		{5A23CFB0-A113-41EC-8AF7-C14EB293723E}.Release|Any CPU.ActiveCfg = Release|Any CPU
		{5A23CFB0-A113-41EC-8AF7-C14EB293723E}.Release|Any CPU.Build.0 = Release|Any CPU
	EndGlobalSection
	GlobalSection(SolutionProperties) = preSolution
		HideSolutionNode = FALSE
	EndGlobalSection
	GlobalSection(ExtensibilityGlobals) = postSolution
		SolutionGuid = {134F3F3F-61A0-49FB-B5E2-E9F93E9D51DB}
	EndGlobalSection
EndGlobal
